
Microsoft Visual Studio Solution File, Format Version 12.00
# Visual Studio Version 16
VisualStudioVersion = 16.0.31515.178
MinimumVisualStudioVersion = 10.0.40219.1
Project("{FAE04EC0-301F-11D3-BF4B-00C04F79EFBC}") = "greetingByName", "greetingByName\greetingByName.csproj", "{A63E14DC-3AEB-451D-BE8B-D89EA1EB90D3}"
EndProject
Global
	GlobalSection(SolutionConfigurationPlatforms) = preSolution
		Debug|Any CPU = Debug|Any CPU
		Release|Any CPU = Release|Any CPU
	EndGlobalSection
	GlobalSection(ProjectConfigurationPlatforms) = postSolution
		{A63E14DC-3AEB-451D-BE8B-D89EA1EB90D3}.Debug|Any CPU.ActiveCfg = Debug|Any CPU
		{A63E14DC-3AEB-451D-BE8B-D89EA1EB90D3}.Debug|Any CPU.Build.0 = Debug|Any CPU
		{A63E14DC-3AEB-451D-BE8B-D89EA1EB90D3}.Release|Any CPU.ActiveCfg = Release|Any CPU
		{A63E14DC-3AEB-451D-BE8B-D89EA1EB90D3}.Release|Any CPU.Build.0 = Release|Any CPU
	EndGlobalSection
	GlobalSection(SolutionProperties) = preSolution
		HideSolutionNode = FALSE
	EndGlobalSection
	GlobalSection(ExtensibilityGlobals) = postSolution
		SolutionGuid = {044CA6FF-CB04-41E6-B1A7-11227631F69E}
	EndGlobalSection
EndGlobal
