
Microsoft Visual Studio Solution File, Format Version 12.00
# Visual Studio Version 16
VisualStudioVersion = 16.0.32106.194
MinimumVisualStudioVersion = 10.0.40219.1
Project("{8BC9CEB8-8B4A-11D0-8D11-00A0C91BC942}") = "1", "ConsoleApplication2.vcxproj", "{DE212413-B25E-4D90-B108-E25114224C1C}"
EndProject
Project("{8BC9CEB8-8B4A-11D0-8D11-00A0C91BC942}") = "2", "..\2\2.vcxproj", "{2447BA6A-AB07-4717-97A8-A3DB20A9406B}"
EndProject
Project("{8BC9CEB8-8B4A-11D0-8D11-00A0C91BC942}") = "3", "..\3\3.vcxproj", "{2502C094-2F79-4FC9-B572-A0FE978BB239}"
EndProject
Project("{8BC9CEB8-8B4A-11D0-8D11-00A0C91BC942}") = "sqrt", "..\4\4.vcxproj", "{623D0D07-BB5F-4352-B82C-C955F78BBC46}"
EndProject
Project("{8BC9CEB8-8B4A-11D0-8D11-00A0C91BC942}") = "5", "..\5\5.vcxproj", "{22DBA6BF-C3CA-4397-ADA8-A60064A1C13D}"
EndProject
Project("{8BC9CEB8-8B4A-11D0-8D11-00A0C91BC942}") = "6", "..\6\6.vcxproj", "{5246EE67-41AA-4120-8758-86E908F32148}"
EndProject
Project("{8BC9CEB8-8B4A-11D0-8D11-00A0C91BC942}") = "7", "..\7\7.vcxproj", "{076A7B77-EB7F-4A1F-82D4-B5CF27EA4FBD}"
EndProject
Project("{8BC9CEB8-8B4A-11D0-8D11-00A0C91BC942}") = "array1", "..\array1\array1.vcxproj", "{EDB2B011-8E8E-4C65-A8A6-BD24D1E57D9E}"
EndProject
Project("{8BC9CEB8-8B4A-11D0-8D11-00A0C91BC942}") = "array2", "..\array2\array2.vcxproj", "{6580D63B-A2C5-485B-81F0-1744699598E7}"
EndProject
Project("{8BC9CEB8-8B4A-11D0-8D11-00A0C91BC942}") = "72", "..\72\72.vcxproj", "{73843105-5268-4A89-B415-B8ACF7DD1DF9}"
EndProject
Project("{8BC9CEB8-8B4A-11D0-8D11-00A0C91BC942}") = "pointers", "..\pointers\pointers.vcxproj", "{E6E5C604-0D92-475F-B9D7-06A2407765A2}"
EndProject
Project("{8BC9CEB8-8B4A-11D0-8D11-00A0C91BC942}") = "area", "..\area\area.vcxproj", "{3ED640FE-9709-4908-A531-1147BF91D603}"
EndProject
Project("{8BC9CEB8-8B4A-11D0-8D11-00A0C91BC942}") = "areaOfTriangle", "..\areaOfTriangle\areaOfTriangle.vcxproj", "{F5C68E2B-3326-444A-A9E6-04A6898438FD}"
EndProject
Project("{2150E333-8FDC-42A3-9474-1A3956D46DE8}") = "math", "math", "{00AC0382-AF6D-4D3F-9A4A-A99945CF3F93}"
EndProject
Project("{8BC9CEB8-8B4A-11D0-8D11-00A0C91BC942}") = "gege", "..\gege\gege.vcxproj", "{234ED6E4-6076-4A0C-8F8E-6B93B5722EAE}"
EndProject
Project("{8BC9CEB8-8B4A-11D0-8D11-00A0C91BC942}") = "main2", "..\main2\main2.vcxproj", "{486FD265-BC76-485D-859E-24E6BFDF8387}"
EndProject
Project("{8BC9CEB8-8B4A-11D0-8D11-00A0C91BC942}") = "qweqweqeqwe", "..\qweqweqeqwe\qweqweqeqwe.vcxproj", "{FFA4D02E-BB95-4DD1-B77C-ED1CC719CD56}"
EndProject
Project("{8BC9CEB8-8B4A-11D0-8D11-00A0C91BC942}") = "bicham", "..\bicham\bicham.vcxproj", "{D3C519A3-935A-4C17-A545-AE0D3A70D027}"
EndProject
Project("{8BC9CEB8-8B4A-11D0-8D11-00A0C91BC942}") = "homeWork", "..\homeWork\homeWork.vcxproj", "{44520BFD-AE7E-478C-BA73-C58C71DAD0F1}"
EndProject
Project("{8BC9CEB8-8B4A-11D0-8D11-00A0C91BC942}") = "ifelse", "..\ifelse\ifelse.vcxproj", "{3DE428B3-F602-470B-8415-DA487085EA46}"
EndProject
Project("{8BC9CEB8-8B4A-11D0-8D11-00A0C91BC942}") = "evenOrOdd", "..\evenOrOdd\evenOrOdd.vcxproj", "{9CB823A1-845F-4BDE-90DE-56E37826617B}"
EndProject
Project("{8BC9CEB8-8B4A-11D0-8D11-00A0C91BC942}") = "acknowledge", "..\acknowledge\acknowledge.vcxproj", "{73EE7D80-3AA6-44DF-A71A-B758EAB0064B}"
EndProject
Project("{8BC9CEB8-8B4A-11D0-8D11-00A0C91BC942}") = "test", "..\test\test.vcxproj", "{F50E7F19-E467-4C50-BCD1-F6381E874DD2}"
EndProject
Project("{8BC9CEB8-8B4A-11D0-8D11-00A0C91BC942}") = "matrix", "..\matrix\matrix.vcxproj", "{BC4CE919-123B-4204-9451-0F5211F7380D}"
EndProject
Project("{8BC9CEB8-8B4A-11D0-8D11-00A0C91BC942}") = "function1", "..\function1\function1.vcxproj", "{493B0137-542F-4B2C-85EE-7A237CAF1DE2}"
EndProject
Project("{8BC9CEB8-8B4A-11D0-8D11-00A0C91BC942}") = "матрицата-наматриците", "..\матрицата-наматриците\матрицата-наматриците.vcxproj", "{37934E39-1E8C-48A0-9A09-8E45357E218E}"
EndProject
Project("{8BC9CEB8-8B4A-11D0-8D11-00A0C91BC942}") = "finalMatrixForTest", "..\finalMatrixForTest\finalMatrixForTest.vcxproj", "{4E7DFDB8-EB8D-4E8F-B53C-6E9852577266}"
EndProject
Project("{8BC9CEB8-8B4A-11D0-8D11-00A0C91BC942}") = "tests", "..\maticata\maticata.vcxproj", "{B8BDFFF7-EF48-4800-A8BD-1A45BE8C1F1B}"
EndProject
Project("{8BC9CEB8-8B4A-11D0-8D11-00A0C91BC942}") = "cvetan", "..\cvetan\cvetan.vcxproj", "{30B72131-4B0D-4B9E-B21E-40AEA332225B}"
EndProject
Project("{8BC9CEB8-8B4A-11D0-8D11-00A0C91BC942}") = "testa", "..\testa\testa.vcxproj", "{A9F4EDE7-BD1F-40CA-BA03-7380B1C7821B}"
EndProject
Project("{8BC9CEB8-8B4A-11D0-8D11-00A0C91BC942}") = "kostanawe", "..\kostanawe\kostanawe.vcxproj", "{54AB9B0C-833B-4F15-9C1E-609D4C57AACA}"
EndProject
Project("{8BC9CEB8-8B4A-11D0-8D11-00A0C91BC942}") = "pyramide", "..\pyramide\pyramide.vcxproj", "{AA0D1AB9-3A5D-431B-ACDA-1AF8BEF8084A}"
EndProject
Project("{8BC9CEB8-8B4A-11D0-8D11-00A0C91BC942}") = "theFockingReality", "..\theFockingReality\theFockingReality.vcxproj", "{6DFC239E-7C00-4C4C-BDA2-21EE20EB678C}"
EndProject
Project("{8BC9CEB8-8B4A-11D0-8D11-00A0C91BC942}") = "10x10", "..\ConsoleApplication3\ConsoleApplication3.vcxproj", "{7A89BA3C-C219-4809-A645-92F5D3F11BDE}"
EndProject
Project("{8BC9CEB8-8B4A-11D0-8D11-00A0C91BC942}") = "10x10manual", "..\10x10manual\10x10manual.vcxproj", "{68F79B30-43D2-46CD-AEF6-2A3953DE7F41}"
EndProject
Project("{8BC9CEB8-8B4A-11D0-8D11-00A0C91BC942}") = "testaaa", "..\testaaa\testaaa.vcxproj", "{3D585F56-91BE-40AE-83E8-4AA6AC21ECD8}"
EndProject
Project("{8BC9CEB8-8B4A-11D0-8D11-00A0C91BC942}") = "celsiusToFaren", "..\celsiusToFaren\celsiusToFaren.vcxproj", "{2D832B2D-C2C8-416F-AEB9-8C9ED2FED495}"
EndProject
Project("{8BC9CEB8-8B4A-11D0-8D11-00A0C91BC942}") = "pointOfRotation", "..\pointOfRotation\pointOfRotation.vcxproj", "{0BC11EC4-8FCA-4C5C-8C96-20FE069B5AF5}"
EndProject
Project("{8BC9CEB8-8B4A-11D0-8D11-00A0C91BC942}") = "functions", "..\functions\functions.vcxproj", "{DCDC1C7A-B3B1-4CB5-B1A4-145F3D088DBD}"
EndProject
Project("{8BC9CEB8-8B4A-11D0-8D11-00A0C91BC942}") = "sumPossitiveNum", "..\sumPossitiveNum\sumPossitiveNum.vcxproj", "{A28C4C70-DD17-4803-A72B-5FD75B2BC6C5}"
EndProject
Global
	GlobalSection(SolutionConfigurationPlatforms) = preSolution
		Debug|x64 = Debug|x64
		Debug|x86 = Debug|x86
		Release|x64 = Release|x64
		Release|x86 = Release|x86
	EndGlobalSection
	GlobalSection(ProjectConfigurationPlatforms) = postSolution
		{DE212413-B25E-4D90-B108-E25114224C1C}.Debug|x64.ActiveCfg = Debug|x64
		{DE212413-B25E-4D90-B108-E25114224C1C}.Debug|x64.Build.0 = Debug|x64
		{DE212413-B25E-4D90-B108-E25114224C1C}.Debug|x86.ActiveCfg = Debug|Win32
		{DE212413-B25E-4D90-B108-E25114224C1C}.Debug|x86.Build.0 = Debug|Win32
		{DE212413-B25E-4D90-B108-E25114224C1C}.Release|x64.ActiveCfg = Release|x64
		{DE212413-B25E-4D90-B108-E25114224C1C}.Release|x64.Build.0 = Release|x64
		{DE212413-B25E-4D90-B108-E25114224C1C}.Release|x86.ActiveCfg = Release|Win32
		{DE212413-B25E-4D90-B108-E25114224C1C}.Release|x86.Build.0 = Release|Win32
		{2447BA6A-AB07-4717-97A8-A3DB20A9406B}.Debug|x64.ActiveCfg = Debug|x64
		{2447BA6A-AB07-4717-97A8-A3DB20A9406B}.Debug|x64.Build.0 = Debug|x64
		{2447BA6A-AB07-4717-97A8-A3DB20A9406B}.Debug|x86.ActiveCfg = Debug|Win32
		{2447BA6A-AB07-4717-97A8-A3DB20A9406B}.Debug|x86.Build.0 = Debug|Win32
		{2447BA6A-AB07-4717-97A8-A3DB20A9406B}.Release|x64.ActiveCfg = Release|x64
		{2447BA6A-AB07-4717-97A8-A3DB20A9406B}.Release|x64.Build.0 = Release|x64
		{2447BA6A-AB07-4717-97A8-A3DB20A9406B}.Release|x86.ActiveCfg = Release|Win32
		{2447BA6A-AB07-4717-97A8-A3DB20A9406B}.Release|x86.Build.0 = Release|Win32
		{2502C094-2F79-4FC9-B572-A0FE978BB239}.Debug|x64.ActiveCfg = Debug|x64
		{2502C094-2F79-4FC9-B572-A0FE978BB239}.Debug|x64.Build.0 = Debug|x64
		{2502C094-2F79-4FC9-B572-A0FE978BB239}.Debug|x86.ActiveCfg = Debug|Win32
		{2502C094-2F79-4FC9-B572-A0FE978BB239}.Debug|x86.Build.0 = Debug|Win32
		{2502C094-2F79-4FC9-B572-A0FE978BB239}.Release|x64.ActiveCfg = Release|x64
		{2502C094-2F79-4FC9-B572-A0FE978BB239}.Release|x64.Build.0 = Release|x64
		{2502C094-2F79-4FC9-B572-A0FE978BB239}.Release|x86.ActiveCfg = Release|Win32
		{2502C094-2F79-4FC9-B572-A0FE978BB239}.Release|x86.Build.0 = Release|Win32
		{623D0D07-BB5F-4352-B82C-C955F78BBC46}.Debug|x64.ActiveCfg = Debug|x64
		{623D0D07-BB5F-4352-B82C-C955F78BBC46}.Debug|x64.Build.0 = Debug|x64
		{623D0D07-BB5F-4352-B82C-C955F78BBC46}.Debug|x86.ActiveCfg = Debug|Win32
		{623D0D07-BB5F-4352-B82C-C955F78BBC46}.Debug|x86.Build.0 = Debug|Win32
		{623D0D07-BB5F-4352-B82C-C955F78BBC46}.Release|x64.ActiveCfg = Release|x64
		{623D0D07-BB5F-4352-B82C-C955F78BBC46}.Release|x64.Build.0 = Release|x64
		{623D0D07-BB5F-4352-B82C-C955F78BBC46}.Release|x86.ActiveCfg = Release|Win32
		{623D0D07-BB5F-4352-B82C-C955F78BBC46}.Release|x86.Build.0 = Release|Win32
		{22DBA6BF-C3CA-4397-ADA8-A60064A1C13D}.Debug|x64.ActiveCfg = Debug|x64
		{22DBA6BF-C3CA-4397-ADA8-A60064A1C13D}.Debug|x64.Build.0 = Debug|x64
		{22DBA6BF-C3CA-4397-ADA8-A60064A1C13D}.Debug|x86.ActiveCfg = Debug|Win32
		{22DBA6BF-C3CA-4397-ADA8-A60064A1C13D}.Debug|x86.Build.0 = Debug|Win32
		{22DBA6BF-C3CA-4397-ADA8-A60064A1C13D}.Release|x64.ActiveCfg = Release|x64
		{22DBA6BF-C3CA-4397-ADA8-A60064A1C13D}.Release|x64.Build.0 = Release|x64
		{22DBA6BF-C3CA-4397-ADA8-A60064A1C13D}.Release|x86.ActiveCfg = Release|Win32
		{22DBA6BF-C3CA-4397-ADA8-A60064A1C13D}.Release|x86.Build.0 = Release|Win32
		{5246EE67-41AA-4120-8758-86E908F32148}.Debug|x64.ActiveCfg = Debug|x64
		{5246EE67-41AA-4120-8758-86E908F32148}.Debug|x64.Build.0 = Debug|x64
		{5246EE67-41AA-4120-8758-86E908F32148}.Debug|x86.ActiveCfg = Debug|Win32
		{5246EE67-41AA-4120-8758-86E908F32148}.Debug|x86.Build.0 = Debug|Win32
		{5246EE67-41AA-4120-8758-86E908F32148}.Release|x64.ActiveCfg = Release|x64
		{5246EE67-41AA-4120-8758-86E908F32148}.Release|x64.Build.0 = Release|x64
		{5246EE67-41AA-4120-8758-86E908F32148}.Release|x86.ActiveCfg = Release|Win32
		{5246EE67-41AA-4120-8758-86E908F32148}.Release|x86.Build.0 = Release|Win32
		{076A7B77-EB7F-4A1F-82D4-B5CF27EA4FBD}.Debug|x64.ActiveCfg = Debug|x64
		{076A7B77-EB7F-4A1F-82D4-B5CF27EA4FBD}.Debug|x64.Build.0 = Debug|x64
		{076A7B77-EB7F-4A1F-82D4-B5CF27EA4FBD}.Debug|x86.ActiveCfg = Debug|Win32
		{076A7B77-EB7F-4A1F-82D4-B5CF27EA4FBD}.Debug|x86.Build.0 = Debug|Win32
		{076A7B77-EB7F-4A1F-82D4-B5CF27EA4FBD}.Release|x64.ActiveCfg = Release|x64
		{076A7B77-EB7F-4A1F-82D4-B5CF27EA4FBD}.Release|x64.Build.0 = Release|x64
		{076A7B77-EB7F-4A1F-82D4-B5CF27EA4FBD}.Release|x86.ActiveCfg = Release|Win32
		{076A7B77-EB7F-4A1F-82D4-B5CF27EA4FBD}.Release|x86.Build.0 = Release|Win32
		{EDB2B011-8E8E-4C65-A8A6-BD24D1E57D9E}.Debug|x64.ActiveCfg = Debug|x64
		{EDB2B011-8E8E-4C65-A8A6-BD24D1E57D9E}.Debug|x64.Build.0 = Debug|x64
		{EDB2B011-8E8E-4C65-A8A6-BD24D1E57D9E}.Debug|x86.ActiveCfg = Debug|Win32
		{EDB2B011-8E8E-4C65-A8A6-BD24D1E57D9E}.Debug|x86.Build.0 = Debug|Win32
		{EDB2B011-8E8E-4C65-A8A6-BD24D1E57D9E}.Release|x64.ActiveCfg = Release|x64
		{EDB2B011-8E8E-4C65-A8A6-BD24D1E57D9E}.Release|x64.Build.0 = Release|x64
		{EDB2B011-8E8E-4C65-A8A6-BD24D1E57D9E}.Release|x86.ActiveCfg = Release|Win32
		{EDB2B011-8E8E-4C65-A8A6-BD24D1E57D9E}.Release|x86.Build.0 = Release|Win32
		{6580D63B-A2C5-485B-81F0-1744699598E7}.Debug|x64.ActiveCfg = Debug|x64
		{6580D63B-A2C5-485B-81F0-1744699598E7}.Debug|x64.Build.0 = Debug|x64
		{6580D63B-A2C5-485B-81F0-1744699598E7}.Debug|x86.ActiveCfg = Debug|Win32
		{6580D63B-A2C5-485B-81F0-1744699598E7}.Debug|x86.Build.0 = Debug|Win32
		{6580D63B-A2C5-485B-81F0-1744699598E7}.Release|x64.ActiveCfg = Release|x64
		{6580D63B-A2C5-485B-81F0-1744699598E7}.Release|x64.Build.0 = Release|x64
		{6580D63B-A2C5-485B-81F0-1744699598E7}.Release|x86.ActiveCfg = Release|Win32
		{6580D63B-A2C5-485B-81F0-1744699598E7}.Release|x86.Build.0 = Release|Win32
		{73843105-5268-4A89-B415-B8ACF7DD1DF9}.Debug|x64.ActiveCfg = Debug|x64
		{73843105-5268-4A89-B415-B8ACF7DD1DF9}.Debug|x64.Build.0 = Debug|x64
		{73843105-5268-4A89-B415-B8ACF7DD1DF9}.Debug|x86.ActiveCfg = Debug|Win32
		{73843105-5268-4A89-B415-B8ACF7DD1DF9}.Debug|x86.Build.0 = Debug|Win32
		{73843105-5268-4A89-B415-B8ACF7DD1DF9}.Release|x64.ActiveCfg = Release|x64
		{73843105-5268-4A89-B415-B8ACF7DD1DF9}.Release|x64.Build.0 = Release|x64
		{73843105-5268-4A89-B415-B8ACF7DD1DF9}.Release|x86.ActiveCfg = Release|Win32
		{73843105-5268-4A89-B415-B8ACF7DD1DF9}.Release|x86.Build.0 = Release|Win32
		{E6E5C604-0D92-475F-B9D7-06A2407765A2}.Debug|x64.ActiveCfg = Debug|x64
		{E6E5C604-0D92-475F-B9D7-06A2407765A2}.Debug|x64.Build.0 = Debug|x64
		{E6E5C604-0D92-475F-B9D7-06A2407765A2}.Debug|x86.ActiveCfg = Debug|Win32
		{E6E5C604-0D92-475F-B9D7-06A2407765A2}.Debug|x86.Build.0 = Debug|Win32
		{E6E5C604-0D92-475F-B9D7-06A2407765A2}.Release|x64.ActiveCfg = Release|x64
		{E6E5C604-0D92-475F-B9D7-06A2407765A2}.Release|x64.Build.0 = Release|x64
		{E6E5C604-0D92-475F-B9D7-06A2407765A2}.Release|x86.ActiveCfg = Release|Win32
		{E6E5C604-0D92-475F-B9D7-06A2407765A2}.Release|x86.Build.0 = Release|Win32
		{3ED640FE-9709-4908-A531-1147BF91D603}.Debug|x64.ActiveCfg = Debug|x64
		{3ED640FE-9709-4908-A531-1147BF91D603}.Debug|x64.Build.0 = Debug|x64
		{3ED640FE-9709-4908-A531-1147BF91D603}.Debug|x86.ActiveCfg = Debug|Win32
		{3ED640FE-9709-4908-A531-1147BF91D603}.Debug|x86.Build.0 = Debug|Win32
		{3ED640FE-9709-4908-A531-1147BF91D603}.Release|x64.ActiveCfg = Release|x64
		{3ED640FE-9709-4908-A531-1147BF91D603}.Release|x64.Build.0 = Release|x64
		{3ED640FE-9709-4908-A531-1147BF91D603}.Release|x86.ActiveCfg = Release|Win32
		{3ED640FE-9709-4908-A531-1147BF91D603}.Release|x86.Build.0 = Release|Win32
		{F5C68E2B-3326-444A-A9E6-04A6898438FD}.Debug|x64.ActiveCfg = Debug|x64
		{F5C68E2B-3326-444A-A9E6-04A6898438FD}.Debug|x64.Build.0 = Debug|x64
		{F5C68E2B-3326-444A-A9E6-04A6898438FD}.Debug|x86.ActiveCfg = Debug|Win32
		{F5C68E2B-3326-444A-A9E6-04A6898438FD}.Debug|x86.Build.0 = Debug|Win32
		{F5C68E2B-3326-444A-A9E6-04A6898438FD}.Release|x64.ActiveCfg = Release|x64
		{F5C68E2B-3326-444A-A9E6-04A6898438FD}.Release|x64.Build.0 = Release|x64
		{F5C68E2B-3326-444A-A9E6-04A6898438FD}.Release|x86.ActiveCfg = Release|Win32
		{F5C68E2B-3326-444A-A9E6-04A6898438FD}.Release|x86.Build.0 = Release|Win32
		{234ED6E4-6076-4A0C-8F8E-6B93B5722EAE}.Debug|x64.ActiveCfg = Debug|x64
		{234ED6E4-6076-4A0C-8F8E-6B93B5722EAE}.Debug|x64.Build.0 = Debug|x64
		{234ED6E4-6076-4A0C-8F8E-6B93B5722EAE}.Debug|x86.ActiveCfg = Debug|Win32
		{234ED6E4-6076-4A0C-8F8E-6B93B5722EAE}.Debug|x86.Build.0 = Debug|Win32
		{234ED6E4-6076-4A0C-8F8E-6B93B5722EAE}.Release|x64.ActiveCfg = Release|x64
		{234ED6E4-6076-4A0C-8F8E-6B93B5722EAE}.Release|x64.Build.0 = Release|x64
		{234ED6E4-6076-4A0C-8F8E-6B93B5722EAE}.Release|x86.ActiveCfg = Release|Win32
		{234ED6E4-6076-4A0C-8F8E-6B93B5722EAE}.Release|x86.Build.0 = Release|Win32
		{486FD265-BC76-485D-859E-24E6BFDF8387}.Debug|x64.ActiveCfg = Debug|x64
		{486FD265-BC76-485D-859E-24E6BFDF8387}.Debug|x64.Build.0 = Debug|x64
		{486FD265-BC76-485D-859E-24E6BFDF8387}.Debug|x86.ActiveCfg = Debug|Win32
		{486FD265-BC76-485D-859E-24E6BFDF8387}.Debug|x86.Build.0 = Debug|Win32
		{486FD265-BC76-485D-859E-24E6BFDF8387}.Release|x64.ActiveCfg = Release|x64
		{486FD265-BC76-485D-859E-24E6BFDF8387}.Release|x64.Build.0 = Release|x64
		{486FD265-BC76-485D-859E-24E6BFDF8387}.Release|x86.ActiveCfg = Release|Win32
		{486FD265-BC76-485D-859E-24E6BFDF8387}.Release|x86.Build.0 = Release|Win32
		{FFA4D02E-BB95-4DD1-B77C-ED1CC719CD56}.Debug|x64.ActiveCfg = Debug|x64
		{FFA4D02E-BB95-4DD1-B77C-ED1CC719CD56}.Debug|x64.Build.0 = Debug|x64
		{FFA4D02E-BB95-4DD1-B77C-ED1CC719CD56}.Debug|x86.ActiveCfg = Debug|Win32
		{FFA4D02E-BB95-4DD1-B77C-ED1CC719CD56}.Debug|x86.Build.0 = Debug|Win32
		{FFA4D02E-BB95-4DD1-B77C-ED1CC719CD56}.Release|x64.ActiveCfg = Release|x64
		{FFA4D02E-BB95-4DD1-B77C-ED1CC719CD56}.Release|x64.Build.0 = Release|x64
		{FFA4D02E-BB95-4DD1-B77C-ED1CC719CD56}.Release|x86.ActiveCfg = Release|Win32
		{FFA4D02E-BB95-4DD1-B77C-ED1CC719CD56}.Release|x86.Build.0 = Release|Win32
		{D3C519A3-935A-4C17-A545-AE0D3A70D027}.Debug|x64.ActiveCfg = Debug|x64
		{D3C519A3-935A-4C17-A545-AE0D3A70D027}.Debug|x64.Build.0 = Debug|x64
		{D3C519A3-935A-4C17-A545-AE0D3A70D027}.Debug|x86.ActiveCfg = Debug|Win32
		{D3C519A3-935A-4C17-A545-AE0D3A70D027}.Debug|x86.Build.0 = Debug|Win32
		{D3C519A3-935A-4C17-A545-AE0D3A70D027}.Release|x64.ActiveCfg = Release|x64
		{D3C519A3-935A-4C17-A545-AE0D3A70D027}.Release|x64.Build.0 = Release|x64
		{D3C519A3-935A-4C17-A545-AE0D3A70D027}.Release|x86.ActiveCfg = Release|Win32
		{D3C519A3-935A-4C17-A545-AE0D3A70D027}.Release|x86.Build.0 = Release|Win32
		{44520BFD-AE7E-478C-BA73-C58C71DAD0F1}.Debug|x64.ActiveCfg = Debug|x64
		{44520BFD-AE7E-478C-BA73-C58C71DAD0F1}.Debug|x64.Build.0 = Debug|x64
		{44520BFD-AE7E-478C-BA73-C58C71DAD0F1}.Debug|x86.ActiveCfg = Debug|Win32
		{44520BFD-AE7E-478C-BA73-C58C71DAD0F1}.Debug|x86.Build.0 = Debug|Win32
		{44520BFD-AE7E-478C-BA73-C58C71DAD0F1}.Release|x64.ActiveCfg = Release|x64
		{44520BFD-AE7E-478C-BA73-C58C71DAD0F1}.Release|x64.Build.0 = Release|x64
		{44520BFD-AE7E-478C-BA73-C58C71DAD0F1}.Release|x86.ActiveCfg = Release|Win32
		{44520BFD-AE7E-478C-BA73-C58C71DAD0F1}.Release|x86.Build.0 = Release|Win32
		{3DE428B3-F602-470B-8415-DA487085EA46}.Debug|x64.ActiveCfg = Debug|x64
		{3DE428B3-F602-470B-8415-DA487085EA46}.Debug|x64.Build.0 = Debug|x64
		{3DE428B3-F602-470B-8415-DA487085EA46}.Debug|x86.ActiveCfg = Debug|Win32
		{3DE428B3-F602-470B-8415-DA487085EA46}.Debug|x86.Build.0 = Debug|Win32
		{3DE428B3-F602-470B-8415-DA487085EA46}.Release|x64.ActiveCfg = Release|x64
		{3DE428B3-F602-470B-8415-DA487085EA46}.Release|x64.Build.0 = Release|x64
		{3DE428B3-F602-470B-8415-DA487085EA46}.Release|x86.ActiveCfg = Release|Win32
		{3DE428B3-F602-470B-8415-DA487085EA46}.Release|x86.Build.0 = Release|Win32
		{9CB823A1-845F-4BDE-90DE-56E37826617B}.Debug|x64.ActiveCfg = Debug|x64
		{9CB823A1-845F-4BDE-90DE-56E37826617B}.Debug|x64.Build.0 = Debug|x64
		{9CB823A1-845F-4BDE-90DE-56E37826617B}.Debug|x86.ActiveCfg = Debug|Win32
		{9CB823A1-845F-4BDE-90DE-56E37826617B}.Debug|x86.Build.0 = Debug|Win32
		{9CB823A1-845F-4BDE-90DE-56E37826617B}.Release|x64.ActiveCfg = Release|x64
		{9CB823A1-845F-4BDE-90DE-56E37826617B}.Release|x64.Build.0 = Release|x64
		{9CB823A1-845F-4BDE-90DE-56E37826617B}.Release|x86.ActiveCfg = Release|Win32
		{9CB823A1-845F-4BDE-90DE-56E37826617B}.Release|x86.Build.0 = Release|Win32
		{73EE7D80-3AA6-44DF-A71A-B758EAB0064B}.Debug|x64.ActiveCfg = Debug|x64
		{73EE7D80-3AA6-44DF-A71A-B758EAB0064B}.Debug|x64.Build.0 = Debug|x64
		{73EE7D80-3AA6-44DF-A71A-B758EAB0064B}.Debug|x86.ActiveCfg = Debug|Win32
		{73EE7D80-3AA6-44DF-A71A-B758EAB0064B}.Debug|x86.Build.0 = Debug|Win32
		{73EE7D80-3AA6-44DF-A71A-B758EAB0064B}.Release|x64.ActiveCfg = Release|x64
		{73EE7D80-3AA6-44DF-A71A-B758EAB0064B}.Release|x64.Build.0 = Release|x64
		{73EE7D80-3AA6-44DF-A71A-B758EAB0064B}.Release|x86.ActiveCfg = Release|Win32
		{73EE7D80-3AA6-44DF-A71A-B758EAB0064B}.Release|x86.Build.0 = Release|Win32
		{F50E7F19-E467-4C50-BCD1-F6381E874DD2}.Debug|x64.ActiveCfg = Debug|x64
		{F50E7F19-E467-4C50-BCD1-F6381E874DD2}.Debug|x64.Build.0 = Debug|x64
		{F50E7F19-E467-4C50-BCD1-F6381E874DD2}.Debug|x86.ActiveCfg = Debug|Win32
		{F50E7F19-E467-4C50-BCD1-F6381E874DD2}.Debug|x86.Build.0 = Debug|Win32
		{F50E7F19-E467-4C50-BCD1-F6381E874DD2}.Release|x64.ActiveCfg = Release|x64
		{F50E7F19-E467-4C50-BCD1-F6381E874DD2}.Release|x64.Build.0 = Release|x64
		{F50E7F19-E467-4C50-BCD1-F6381E874DD2}.Release|x86.ActiveCfg = Release|Win32
		{F50E7F19-E467-4C50-BCD1-F6381E874DD2}.Release|x86.Build.0 = Release|Win32
		{BC4CE919-123B-4204-9451-0F5211F7380D}.Debug|x64.ActiveCfg = Debug|x64
		{BC4CE919-123B-4204-9451-0F5211F7380D}.Debug|x64.Build.0 = Debug|x64
		{BC4CE919-123B-4204-9451-0F5211F7380D}.Debug|x86.ActiveCfg = Debug|Win32
		{BC4CE919-123B-4204-9451-0F5211F7380D}.Debug|x86.Build.0 = Debug|Win32
		{BC4CE919-123B-4204-9451-0F5211F7380D}.Release|x64.ActiveCfg = Release|x64
		{BC4CE919-123B-4204-9451-0F5211F7380D}.Release|x64.Build.0 = Release|x64
		{BC4CE919-123B-4204-9451-0F5211F7380D}.Release|x86.ActiveCfg = Release|Win32
		{BC4CE919-123B-4204-9451-0F5211F7380D}.Release|x86.Build.0 = Release|Win32
		{493B0137-542F-4B2C-85EE-7A237CAF1DE2}.Debug|x64.ActiveCfg = Debug|x64
		{493B0137-542F-4B2C-85EE-7A237CAF1DE2}.Debug|x64.Build.0 = Debug|x64
		{493B0137-542F-4B2C-85EE-7A237CAF1DE2}.Debug|x86.ActiveCfg = Debug|Win32
		{493B0137-542F-4B2C-85EE-7A237CAF1DE2}.Debug|x86.Build.0 = Debug|Win32
		{493B0137-542F-4B2C-85EE-7A237CAF1DE2}.Release|x64.ActiveCfg = Release|x64
		{493B0137-542F-4B2C-85EE-7A237CAF1DE2}.Release|x64.Build.0 = Release|x64
		{493B0137-542F-4B2C-85EE-7A237CAF1DE2}.Release|x86.ActiveCfg = Release|Win32
		{493B0137-542F-4B2C-85EE-7A237CAF1DE2}.Release|x86.Build.0 = Release|Win32
		{37934E39-1E8C-48A0-9A09-8E45357E218E}.Debug|x64.ActiveCfg = Debug|x64
		{37934E39-1E8C-48A0-9A09-8E45357E218E}.Debug|x64.Build.0 = Debug|x64
		{37934E39-1E8C-48A0-9A09-8E45357E218E}.Debug|x86.ActiveCfg = Debug|Win32
		{37934E39-1E8C-48A0-9A09-8E45357E218E}.Debug|x86.Build.0 = Debug|Win32
		{37934E39-1E8C-48A0-9A09-8E45357E218E}.Release|x64.ActiveCfg = Release|x64
		{37934E39-1E8C-48A0-9A09-8E45357E218E}.Release|x64.Build.0 = Release|x64
		{37934E39-1E8C-48A0-9A09-8E45357E218E}.Release|x86.ActiveCfg = Release|Win32
		{37934E39-1E8C-48A0-9A09-8E45357E218E}.Release|x86.Build.0 = Release|Win32
		{4E7DFDB8-EB8D-4E8F-B53C-6E9852577266}.Debug|x64.ActiveCfg = Debug|x64
		{4E7DFDB8-EB8D-4E8F-B53C-6E9852577266}.Debug|x64.Build.0 = Debug|x64
		{4E7DFDB8-EB8D-4E8F-B53C-6E9852577266}.Debug|x86.ActiveCfg = Debug|Win32
		{4E7DFDB8-EB8D-4E8F-B53C-6E9852577266}.Debug|x86.Build.0 = Debug|Win32
		{4E7DFDB8-EB8D-4E8F-B53C-6E9852577266}.Release|x64.ActiveCfg = Release|x64
		{4E7DFDB8-EB8D-4E8F-B53C-6E9852577266}.Release|x64.Build.0 = Release|x64
		{4E7DFDB8-EB8D-4E8F-B53C-6E9852577266}.Release|x86.ActiveCfg = Release|Win32
		{4E7DFDB8-EB8D-4E8F-B53C-6E9852577266}.Release|x86.Build.0 = Release|Win32
		{B8BDFFF7-EF48-4800-A8BD-1A45BE8C1F1B}.Debug|x64.ActiveCfg = Debug|x64
		{B8BDFFF7-EF48-4800-A8BD-1A45BE8C1F1B}.Debug|x64.Build.0 = Debug|x64
		{B8BDFFF7-EF48-4800-A8BD-1A45BE8C1F1B}.Debug|x86.ActiveCfg = Debug|Win32
		{B8BDFFF7-EF48-4800-A8BD-1A45BE8C1F1B}.Debug|x86.Build.0 = Debug|Win32
		{B8BDFFF7-EF48-4800-A8BD-1A45BE8C1F1B}.Release|x64.ActiveCfg = Release|x64
		{B8BDFFF7-EF48-4800-A8BD-1A45BE8C1F1B}.Release|x64.Build.0 = Release|x64
		{B8BDFFF7-EF48-4800-A8BD-1A45BE8C1F1B}.Release|x86.ActiveCfg = Release|Win32
		{B8BDFFF7-EF48-4800-A8BD-1A45BE8C1F1B}.Release|x86.Build.0 = Release|Win32
		{30B72131-4B0D-4B9E-B21E-40AEA332225B}.Debug|x64.ActiveCfg = Debug|x64
		{30B72131-4B0D-4B9E-B21E-40AEA332225B}.Debug|x64.Build.0 = Debug|x64
		{30B72131-4B0D-4B9E-B21E-40AEA332225B}.Debug|x86.ActiveCfg = Debug|Win32
		{30B72131-4B0D-4B9E-B21E-40AEA332225B}.Debug|x86.Build.0 = Debug|Win32
		{30B72131-4B0D-4B9E-B21E-40AEA332225B}.Release|x64.ActiveCfg = Release|x64
		{30B72131-4B0D-4B9E-B21E-40AEA332225B}.Release|x64.Build.0 = Release|x64
		{30B72131-4B0D-4B9E-B21E-40AEA332225B}.Release|x86.ActiveCfg = Release|Win32
		{30B72131-4B0D-4B9E-B21E-40AEA332225B}.Release|x86.Build.0 = Release|Win32
		{A9F4EDE7-BD1F-40CA-BA03-7380B1C7821B}.Debug|x64.ActiveCfg = Debug|x64
		{A9F4EDE7-BD1F-40CA-BA03-7380B1C7821B}.Debug|x64.Build.0 = Debug|x64
		{A9F4EDE7-BD1F-40CA-BA03-7380B1C7821B}.Debug|x86.ActiveCfg = Debug|Win32
		{A9F4EDE7-BD1F-40CA-BA03-7380B1C7821B}.Debug|x86.Build.0 = Debug|Win32
		{A9F4EDE7-BD1F-40CA-BA03-7380B1C7821B}.Release|x64.ActiveCfg = Release|x64
		{A9F4EDE7-BD1F-40CA-BA03-7380B1C7821B}.Release|x64.Build.0 = Release|x64
		{A9F4EDE7-BD1F-40CA-BA03-7380B1C7821B}.Release|x86.ActiveCfg = Release|Win32
		{A9F4EDE7-BD1F-40CA-BA03-7380B1C7821B}.Release|x86.Build.0 = Release|Win32
		{54AB9B0C-833B-4F15-9C1E-609D4C57AACA}.Debug|x64.ActiveCfg = Debug|x64
		{54AB9B0C-833B-4F15-9C1E-609D4C57AACA}.Debug|x64.Build.0 = Debug|x64
		{54AB9B0C-833B-4F15-9C1E-609D4C57AACA}.Debug|x86.ActiveCfg = Debug|Win32
		{54AB9B0C-833B-4F15-9C1E-609D4C57AACA}.Debug|x86.Build.0 = Debug|Win32
		{54AB9B0C-833B-4F15-9C1E-609D4C57AACA}.Release|x64.ActiveCfg = Release|x64
		{54AB9B0C-833B-4F15-9C1E-609D4C57AACA}.Release|x64.Build.0 = Release|x64
		{54AB9B0C-833B-4F15-9C1E-609D4C57AACA}.Release|x86.ActiveCfg = Release|Win32
		{54AB9B0C-833B-4F15-9C1E-609D4C57AACA}.Release|x86.Build.0 = Release|Win32
		{AA0D1AB9-3A5D-431B-ACDA-1AF8BEF8084A}.Debug|x64.ActiveCfg = Debug|x64
		{AA0D1AB9-3A5D-431B-ACDA-1AF8BEF8084A}.Debug|x64.Build.0 = Debug|x64
		{AA0D1AB9-3A5D-431B-ACDA-1AF8BEF8084A}.Debug|x86.ActiveCfg = Debug|Win32
		{AA0D1AB9-3A5D-431B-ACDA-1AF8BEF8084A}.Debug|x86.Build.0 = Debug|Win32
		{AA0D1AB9-3A5D-431B-ACDA-1AF8BEF8084A}.Release|x64.ActiveCfg = Release|x64
		{AA0D1AB9-3A5D-431B-ACDA-1AF8BEF8084A}.Release|x64.Build.0 = Release|x64
		{AA0D1AB9-3A5D-431B-ACDA-1AF8BEF8084A}.Release|x86.ActiveCfg = Release|Win32
		{AA0D1AB9-3A5D-431B-ACDA-1AF8BEF8084A}.Release|x86.Build.0 = Release|Win32
		{6DFC239E-7C00-4C4C-BDA2-21EE20EB678C}.Debug|x64.ActiveCfg = Debug|x64
		{6DFC239E-7C00-4C4C-BDA2-21EE20EB678C}.Debug|x64.Build.0 = Debug|x64
		{6DFC239E-7C00-4C4C-BDA2-21EE20EB678C}.Debug|x86.ActiveCfg = Debug|Win32
		{6DFC239E-7C00-4C4C-BDA2-21EE20EB678C}.Debug|x86.Build.0 = Debug|Win32
		{6DFC239E-7C00-4C4C-BDA2-21EE20EB678C}.Release|x64.ActiveCfg = Release|x64
		{6DFC239E-7C00-4C4C-BDA2-21EE20EB678C}.Release|x64.Build.0 = Release|x64
		{6DFC239E-7C00-4C4C-BDA2-21EE20EB678C}.Release|x86.ActiveCfg = Release|Win32
		{6DFC239E-7C00-4C4C-BDA2-21EE20EB678C}.Release|x86.Build.0 = Release|Win32
		{7A89BA3C-C219-4809-A645-92F5D3F11BDE}.Debug|x64.ActiveCfg = Debug|x64
		{7A89BA3C-C219-4809-A645-92F5D3F11BDE}.Debug|x64.Build.0 = Debug|x64
		{7A89BA3C-C219-4809-A645-92F5D3F11BDE}.Debug|x86.ActiveCfg = Debug|Win32
		{7A89BA3C-C219-4809-A645-92F5D3F11BDE}.Debug|x86.Build.0 = Debug|Win32
		{7A89BA3C-C219-4809-A645-92F5D3F11BDE}.Release|x64.ActiveCfg = Release|x64
		{7A89BA3C-C219-4809-A645-92F5D3F11BDE}.Release|x64.Build.0 = Release|x64
		{7A89BA3C-C219-4809-A645-92F5D3F11BDE}.Release|x86.ActiveCfg = Release|Win32
		{7A89BA3C-C219-4809-A645-92F5D3F11BDE}.Release|x86.Build.0 = Release|Win32
		{68F79B30-43D2-46CD-AEF6-2A3953DE7F41}.Debug|x64.ActiveCfg = Debug|x64
		{68F79B30-43D2-46CD-AEF6-2A3953DE7F41}.Debug|x64.Build.0 = Debug|x64
		{68F79B30-43D2-46CD-AEF6-2A3953DE7F41}.Debug|x86.ActiveCfg = Debug|Win32
		{68F79B30-43D2-46CD-AEF6-2A3953DE7F41}.Debug|x86.Build.0 = Debug|Win32
		{68F79B30-43D2-46CD-AEF6-2A3953DE7F41}.Release|x64.ActiveCfg = Release|x64
		{68F79B30-43D2-46CD-AEF6-2A3953DE7F41}.Release|x64.Build.0 = Release|x64
		{68F79B30-43D2-46CD-AEF6-2A3953DE7F41}.Release|x86.ActiveCfg = Release|Win32
		{68F79B30-43D2-46CD-AEF6-2A3953DE7F41}.Release|x86.Build.0 = Release|Win32
		{3D585F56-91BE-40AE-83E8-4AA6AC21ECD8}.Debug|x64.ActiveCfg = Debug|x64
		{3D585F56-91BE-40AE-83E8-4AA6AC21ECD8}.Debug|x64.Build.0 = Debug|x64
		{3D585F56-91BE-40AE-83E8-4AA6AC21ECD8}.Debug|x86.ActiveCfg = Debug|Win32
		{3D585F56-91BE-40AE-83E8-4AA6AC21ECD8}.Debug|x86.Build.0 = Debug|Win32
		{3D585F56-91BE-40AE-83E8-4AA6AC21ECD8}.Release|x64.ActiveCfg = Release|x64
		{3D585F56-91BE-40AE-83E8-4AA6AC21ECD8}.Release|x64.Build.0 = Release|x64
		{3D585F56-91BE-40AE-83E8-4AA6AC21ECD8}.Release|x86.ActiveCfg = Release|Win32
		{3D585F56-91BE-40AE-83E8-4AA6AC21ECD8}.Release|x86.Build.0 = Release|Win32
		{2D832B2D-C2C8-416F-AEB9-8C9ED2FED495}.Debug|x64.ActiveCfg = Debug|x64
		{2D832B2D-C2C8-416F-AEB9-8C9ED2FED495}.Debug|x64.Build.0 = Debug|x64
		{2D832B2D-C2C8-416F-AEB9-8C9ED2FED495}.Debug|x86.ActiveCfg = Debug|Win32
		{2D832B2D-C2C8-416F-AEB9-8C9ED2FED495}.Debug|x86.Build.0 = Debug|Win32
		{2D832B2D-C2C8-416F-AEB9-8C9ED2FED495}.Release|x64.ActiveCfg = Release|x64
		{2D832B2D-C2C8-416F-AEB9-8C9ED2FED495}.Release|x64.Build.0 = Release|x64
		{2D832B2D-C2C8-416F-AEB9-8C9ED2FED495}.Release|x86.ActiveCfg = Release|Win32
		{2D832B2D-C2C8-416F-AEB9-8C9ED2FED495}.Release|x86.Build.0 = Release|Win32
		{0BC11EC4-8FCA-4C5C-8C96-20FE069B5AF5}.Debug|x64.ActiveCfg = Debug|x64
		{0BC11EC4-8FCA-4C5C-8C96-20FE069B5AF5}.Debug|x64.Build.0 = Debug|x64
		{0BC11EC4-8FCA-4C5C-8C96-20FE069B5AF5}.Debug|x86.ActiveCfg = Debug|Win32
		{0BC11EC4-8FCA-4C5C-8C96-20FE069B5AF5}.Debug|x86.Build.0 = Debug|Win32
		{0BC11EC4-8FCA-4C5C-8C96-20FE069B5AF5}.Release|x64.ActiveCfg = Release|x64
		{0BC11EC4-8FCA-4C5C-8C96-20FE069B5AF5}.Release|x64.Build.0 = Release|x64
		{0BC11EC4-8FCA-4C5C-8C96-20FE069B5AF5}.Release|x86.ActiveCfg = Release|Win32
		{0BC11EC4-8FCA-4C5C-8C96-20FE069B5AF5}.Release|x86.Build.0 = Release|Win32
		{DCDC1C7A-B3B1-4CB5-B1A4-145F3D088DBD}.Debug|x64.ActiveCfg = Debug|x64
		{DCDC1C7A-B3B1-4CB5-B1A4-145F3D088DBD}.Debug|x64.Build.0 = Debug|x64
		{DCDC1C7A-B3B1-4CB5-B1A4-145F3D088DBD}.Debug|x86.ActiveCfg = Debug|Win32
		{DCDC1C7A-B3B1-4CB5-B1A4-145F3D088DBD}.Debug|x86.Build.0 = Debug|Win32
		{DCDC1C7A-B3B1-4CB5-B1A4-145F3D088DBD}.Release|x64.ActiveCfg = Release|x64
		{DCDC1C7A-B3B1-4CB5-B1A4-145F3D088DBD}.Release|x64.Build.0 = Release|x64
		{DCDC1C7A-B3B1-4CB5-B1A4-145F3D088DBD}.Release|x86.ActiveCfg = Release|Win32
		{DCDC1C7A-B3B1-4CB5-B1A4-145F3D088DBD}.Release|x86.Build.0 = Release|Win32
		{A28C4C70-DD17-4803-A72B-5FD75B2BC6C5}.Debug|x64.ActiveCfg = Debug|x64
		{A28C4C70-DD17-4803-A72B-5FD75B2BC6C5}.Debug|x64.Build.0 = Debug|x64
		{A28C4C70-DD17-4803-A72B-5FD75B2BC6C5}.Debug|x86.ActiveCfg = Debug|Win32
		{A28C4C70-DD17-4803-A72B-5FD75B2BC6C5}.Debug|x86.Build.0 = Debug|Win32
		{A28C4C70-DD17-4803-A72B-5FD75B2BC6C5}.Release|x64.ActiveCfg = Release|x64
		{A28C4C70-DD17-4803-A72B-5FD75B2BC6C5}.Release|x64.Build.0 = Release|x64
		{A28C4C70-DD17-4803-A72B-5FD75B2BC6C5}.Release|x86.ActiveCfg = Release|Win32
		{A28C4C70-DD17-4803-A72B-5FD75B2BC6C5}.Release|x86.Build.0 = Release|Win32
	EndGlobalSection
	GlobalSection(SolutionProperties) = preSolution
		HideSolutionNode = FALSE
	EndGlobalSection
	GlobalSection(NestedProjects) = preSolution
		{234ED6E4-6076-4A0C-8F8E-6B93B5722EAE} = {00AC0382-AF6D-4D3F-9A4A-A99945CF3F93}
		{A9F4EDE7-BD1F-40CA-BA03-7380B1C7821B} = {00AC0382-AF6D-4D3F-9A4A-A99945CF3F93}
		{54AB9B0C-833B-4F15-9C1E-609D4C57AACA} = {00AC0382-AF6D-4D3F-9A4A-A99945CF3F93}
	EndGlobalSection
	GlobalSection(ExtensibilityGlobals) = postSolution
		SolutionGuid = {0D69885E-33DE-4067-8355-E77A514B2DEE}
	EndGlobalSection
EndGlobal
